{
  "lockfileVersion": 1,
  "configVersion": 0,
  "workspaces": {
    "": {
      "name": "@3-/yml",
      "dependencies": {
        "@3-/read": "^0.1.4",
        "@3-/write": "^0.0.2",
        "js-yaml": "^4.1.1",
      },
    },
  },
  "packages": {
    "@3-/read": ["@3-/read@0.1.4", "", {}, "sha512-PZDRfIFuaFNAW6VjWupa7+g/3GbhES6shAgETN/RXtTdJxcIwl9HSBMy2sdfRqAc/FUeUJFL3F8PfpsdZbC8xg=="],

    "@3-/write": ["@3-/write@0.0.2", "", {}, "sha512-eFLP3Vsh66Xhw4hYsiYUOBaH/Gciu1DNfWeJTN9MO/yNZB6cg1LvtnxNF9nwOoAzT4oaCLmT0jjFe5J96//Zew=="],

    "argparse": ["argparse@2.0.1", "", {}, "sha512-8+9WqebbFzpX9OR+Wa6O29asIogeRMzcGtAINdpMHHyAg10f05aSFVBbcEqGf/PXw1EjAZ+q2/bEBg3DvurK3Q=="],

    "js-yaml": ["js-yaml@4.1.1", "https://registry.npmmirror.com/js-yaml/-/js-yaml-4.1.1.tgz", { "dependencies": { "argparse": "^2.0.1" }, "bin": { "js-yaml": "bin/js-yaml.js" } }, "sha512-qQKT4zQxXl8lLwBtHMWwaTcGfFOZviOJet3Oy/xmGk2gZH677CJM9EvtfdSkgWcATZhj/55JZ0rmy3myCT5lsA=="],
  }
}
