{
  "name": "@3-/yml",
  "version": "0.1.14",
  "lockfileVersion": 3,
  "requires": true,
  "packages": {
    "": {
      "name": "@3-/yml",
      "version": "0.1.14",
      "license": "MulanPSL-2.0",
      "dependencies": {
        "@3-/read": "^0.1.4",
        "@3-/write": "^0.0.2",
        "js-yaml": "^4.3.1"
      }
    },
    "node_modules/@3-/read": {
      "version": "0.1.4",
      "license": "Apache-2.0"
    },
    "node_modules/@3-/write": {
      "version": "0.0.2",
      "license": "Apache-2.0"
    },
    "node_modules/argparse": {
      "version": "2.0.1",
      "license": "Python-2.0"
    },
    "node_modules/js-yaml": {
      "version": "4.3.1",
      "resolved": "https://registry.npmjs.org/js-yaml/-/js-yaml-4.3.1.tgz",
      "integrity": "sha512-CY6crGq313MX8GkwvB7tzgp99vjQxY1++5y10/BKN/GUfHqWaOGQMNZkBvqSzsZKWk/ijwHlWzzkLulsGHhjWQ==",
      "funding": [
        {
          "type": "github",
          "url": "https://github.com/sponsors/puzrin"
        },
        {
          "type": "github",
          "url": "https://github.com/sponsors/nodeca"
        }
      ],
      "license": "MIT",
      "dependencies": {
        "argparse": "^2.0.1"
      },
      "bin": {
        "js-yaml": "bin/js-yaml.js"
      }
    }
  }
}
