{
  "lockfileVersion": 1,
  "configVersion": 0,
  "workspaces": {
    "": {
      "name": "@3-/zx",
      "dependencies": {
        "ansis": "^4.2.0",
      },
      "peerDependencies": {
        "zx": "^8.7.2",
      },
    },
  },
  "packages": {
    "ansis": ["ansis@4.2.0", "", {}, "sha512-HqZ5rWlFjGiV0tDm3UxxgNRqsOTniqoKZu0pIAfh7TZQMGuZK+hH0drySty0si0QXj1ieop4+SkSfPZBPPkHig=="],

    "zx": ["zx@8.8.4", "", { "bin": { "zx": "build/cli.js" } }, "sha512-44GcD+ZlM/v1OQtbwnSxLPcoE1ZEUICmR+RSbJZLAqfIixNLuMjLyh0DcS75OyfJ/sWYAwCWDmDvJ4hdnANAPQ=="],
  }
}
