{
  "lockfileVersion": 1,
  "configVersion": 1,
  "workspaces": {
    "": {
      "name": "@3-/css2nest",
      "dependencies": {
        "css-tree": "^3",
      },
    },
  },
  "packages": {
    "css-tree": ["css-tree@3.2.1", "", { "dependencies": { "mdn-data": "2.27.1", "source-map-js": "^1.2.1" } }, "sha512-X7sjQzceUhu1u7Y/ylrRZFU2FS6LRiFVp6rKLPg23y3x3c3DOKAwuXGDp+PAGjh6CSnCjYeAul8pcT8bAl+lSA=="],

    "mdn-data": ["mdn-data@2.27.1", "", {}, "sha512-9Yubnt3e8A0OKwxYSXyhLymGW4sCufcLG6VdiDdUGVkPhpqLxlvP5vl1983gQjJl3tqbrM731mjaZaP68AgosQ=="],

    "source-map-js": ["source-map-js@1.2.1", "", {}, "sha512-UXWMKhLOwVKb728IUtQPXxfYU+usdybtUrK/8uGE8CQMvrhOpwvzDBwj0QhSL7MQc7vIsISBG8VQ8+IDQxpfQA=="],
  }
}
