{
  "lockfileVersion": 1,
  "configVersion": 1,
  "workspaces": {
    "": {
      "name": "@3-/s3",
      "dependencies": {
        "@3-/utf8": "^0.0.4",
        "@bradenmacdonald/s3-lite-client": "npm:@jsr/bradenmacdonald__s3-lite-client",
        "stream": "^0.0.3",
      },
    },
  },
  "packages": {
    "@3-/utf8": ["@3-/utf8@0.0.4", "", {}, "sha512-hoVIOCX70JteiRPzRZ8Yw51kb/H9dWxx55oW+RQ38hHE8+/uOIriJZ024HhCYaLDKykUyDoknRbzKjjMQ++new=="],

    "@bradenmacdonald/s3-lite-client": ["@jsr/bradenmacdonald__s3-lite-client@0.9.4", "https://npm.jsr.io/~/11/@jsr/bradenmacdonald__s3-lite-client/0.9.4.tgz", {}, "sha512-Uar/IGGcnhLKppxjCMSd6r8P5UO7FDPsUaqs0WcoJiV1qfKGPQjiH7IxMUbnVoa0k6bH8HkriOvZf6TWOUAcvQ=="],

    "component-emitter": ["component-emitter@2.0.0", "", {}, "sha512-4m5s3Me2xxlVKG9PkZpQqHQR7bgpnN7joDMJ4yvVkVXngjoITG76IaZmzmywSeRTeTpc6N6r3H3+KyUurV8OYw=="],

    "stream": ["stream@0.0.3", "", { "dependencies": { "component-emitter": "^2.0.0" } }, "sha512-aMsbn7VKrl4A2T7QAQQbzgN7NVc70vgF5INQrBXqn4dCXN1zy3L9HGgLO5s7PExmdrzTJ8uR/27aviW8or8/+A=="],
  }
}
