{
  "lockfileVersion": 1,
  "workspaces": {
    "": {
      "name": "@3-/feishu_watch",
      "dependencies": {
        "@hono/node-server": "^1.15.0",
        "hono": "^4.8.4",
      },
    },
  },
  "packages": {
    "@hono/node-server": ["@hono/node-server@1.15.0", "", { "peerDependencies": { "hono": "^4" } }, "sha512-MjmK4l5N4dQpZ9OSWN0tCj7ejuc7WvuWMzSKtc89bnknJykAeHxzRigXBTYZk85H6Awrii6RM59iUiUluApu2A=="],

    "hono": ["hono@4.8.4", "", {}, "sha512-KOIBp1+iUs0HrKztM4EHiB2UtzZDTBihDtOF5K6+WaJjCPeaW4Q92R8j63jOhvJI5+tZSMuKD9REVEXXY9illg=="],
  }
}
